// !$*UTF8*$!
{
	archiveVersion = 1;
	classes = {
	};
	objectVersion = 55;
	objects = {

/* Begin PBXBuildFile section */
		815E0D1E27EAC1FC00728251 /* AppDelegate.swift in Sources */ = {isa = PBXBuildFile; fileRef = 815E0D1D27EAC1FC00728251 /* AppDelegate.swift */; };
		815E0D2027EAC1FC00728251 /* SceneDelegate.swift in Sources */ = {isa = PBXBuildFile; fileRef = 815E0D1F27EAC1FC00728251 /* SceneDelegate.swift */; };
		815E0D2227EAC1FC00728251 /* ViewController.swift in Sources */ = {isa = PBXBuildFile; fileRef = 815E0D2127EAC1FC00728251 /* ViewController.swift */; };
		815E0D2527EAC1FC00728251 /* Main.storyboard in Resources */ = {isa = PBXBuildFile; fileRef = 815E0D2327EAC1FC00728251 /* Main.storyboard */; };
		815E0D2727EAC1FD00728251 /* Assets.xcassets in Resources */ = {isa = PBXBuildFile; fileRef = 815E0D2627EAC1FD00728251 /* Assets.xcassets */; };
		815E0D2A27EAC1FD00728251 /* LaunchScreen.storyboard in Resources */ = {isa = PBXBuildFile; fileRef = 815E0D2827EAC1FD00728251 /* LaunchScreen.storyboard */; };
		81A0420427EC17610084099A /* Meme.swift in Sources */ = {isa = PBXBuildFile; fileRef = 81A0420327EC17610084099A /* Meme.swift */; };
		81A0420627EC25D50084099A /* MemeTextFieldDelegate.swift in Sources */ = {isa = PBXBuildFile; fileRef = 81A0420527EC25D50084099A /* MemeTextFieldDelegate.swift */; };
		81A0420927EC32DF0084099A /* impact.ttf in Resources */ = {isa = PBXBuildFile; fileRef = 81A0420827EC306A0084099A /* impact.ttf */; };
		FBB77D8F27F55DBE00318FAB /* MemeCollectionViewController.swift in Sources */ = {isa = PBXBuildFile; fileRef = FBB77D8E27F55DBE00318FAB /* MemeCollectionViewController.swift */; };
		FBB77D9527F6D94C00318FAB /* MemeCollectionViewCell.swift in Sources */ = {isa = PBXBuildFile; fileRef = FBB77D9427F6D94C00318FAB /* MemeCollectionViewCell.swift */; };
		FBB77D9B27F900AD00318FAB /* TableViewController.swift in Sources */ = {isa = PBXBuildFile; fileRef = FBB77D9A27F900AD00318FAB /* TableViewController.swift */; };
/* End PBXBuildFile section */

/* Begin PBXFileReference section */
		815E0D1A27EAC1FB00728251 /* MemeMe.app */ = {isa = PBXFileReference; explicitFileType = wrapper.application; includeInIndex = 0; path = MemeMe.app; sourceTree = BUILT_PRODUCTS_DIR; };
		815E0D1D27EAC1FC00728251 /* AppDelegate.swift */ = {isa = PBXFileReference; lastKnownFileType = sourcecode.swift; path = AppDelegate.swift; sourceTree = "<group>"; };
		815E0D1F27EAC1FC00728251 /* SceneDelegate.swift */ = {isa = PBXFileReference; lastKnownFileType = sourcecode.swift; path = SceneDelegate.swift; sourceTree = "<group>"; };
		815E0D2127EAC1FC00728251 /* ViewController.swift */ = {isa = PBXFileReference; lastKnownFileType = sourcecode.swift; path = ViewController.swift; sourceTree = "<group>"; };
		815E0D2427EAC1FC00728251 /* Base */ = {isa = PBXFileReference; lastKnownFileType = file.storyboard; name = Base; path = Base.lproj/Main.storyboard; sourceTree = "<group>"; };
		815E0D2627EAC1FD00728251 /* Assets.xcassets */ = {isa = PBXFileReference; lastKnownFileType = folder.assetcatalog; path = Assets.xcassets; sourceTree = "<group>"; };
		815E0D2927EAC1FD00728251 /* Base */ = {isa = PBXFileReference; lastKnownFileType = file.storyboard; name = Base; path = Base.lproj/LaunchScreen.storyboard; sourceTree = "<group>"; };
		815E0D2B27EAC1FD00728251 /* Info.plist */ = {isa = PBXFileReference; lastKnownFileType = text.plist.xml; path = Info.plist; sourceTree = "<group>"; };
		81A0420327EC17610084099A /* Meme.swift */ = {isa = PBXFileReference; lastKnownFileType = sourcecode.swift; path = Meme.swift; sourceTree = "<group>"; };
		81A0420527EC25D50084099A /* MemeTextFieldDelegate.swift */ = {isa = PBXFileReference; lastKnownFileType = sourcecode.swift; path = MemeTextFieldDelegate.swift; sourceTree = "<group>"; };
		81A0420827EC306A0084099A /* impact.ttf */ = {isa = PBXFileReference; lastKnownFileType = file; path = impact.ttf; sourceTree = "<group>"; };
		FBB77D8E27F55DBE00318FAB /* MemeCollectionViewController.swift */ = {isa = PBXFileReference; lastKnownFileType = sourcecode.swift; path = MemeCollectionViewController.swift; sourceTree = "<group>"; };
		FBB77D9427F6D94C00318FAB /* MemeCollectionViewCell.swift */ = {isa = PBXFileReference; lastKnownFileType = sourcecode.swift; path = MemeCollectionViewCell.swift; sourceTree = "<group>"; };
		FBB77D9A27F900AD00318FAB /* TableViewController.swift */ = {isa = PBXFileReference; lastKnownFileType = sourcecode.swift; path = TableViewController.swift; sourceTree = "<group>"; };
/* End PBXFileReference section */

/* Begin PBXFrameworksBuildPhase section */
		815E0D1727EAC1FB00728251 /* Frameworks */ = {
			isa = PBXFrameworksBuildPhase;
			buildActionMask = 2147483647;
			files = (
			);
			runOnlyForDeploymentPostprocessing = 0;
		};
/* End PBXFrameworksBuildPhase section */

/* Begin PBXGroup section */
		815E0D1127EAC1FB00728251 = {
			isa = PBXGroup;
			children = (
				815E0D1C27EAC1FB00728251 /* MemeMe */,
				815E0D1B27EAC1FB00728251 /* Products */,
			);
			sourceTree = "<group>";
		};
		815E0D1B27EAC1FB00728251 /* Products */ = {
			isa = PBXGroup;
			children = (
				815E0D1A27EAC1FB00728251 /* MemeMe.app */,
			);
			name = Products;
			sourceTree = "<group>";
		};
		815E0D1C27EAC1FB00728251 /* MemeMe */ = {
			isa = PBXGroup;
			children = (
				81A0420727EC30430084099A /* fonts */,
				815E0D1D27EAC1FC00728251 /* AppDelegate.swift */,
				815E0D1F27EAC1FC00728251 /* SceneDelegate.swift */,
				815E0D2127EAC1FC00728251 /* ViewController.swift */,
				815E0D2327EAC1FC00728251 /* Main.storyboard */,
				815E0D2627EAC1FD00728251 /* Assets.xcassets */,
				815E0D2827EAC1FD00728251 /* LaunchScreen.storyboard */,
				815E0D2B27EAC1FD00728251 /* Info.plist */,
				81A0420327EC17610084099A /* Meme.swift */,
				81A0420527EC25D50084099A /* MemeTextFieldDelegate.swift */,
				FBB77D8E27F55DBE00318FAB /* MemeCollectionViewController.swift */,
				FBB77D9427F6D94C00318FAB /* MemeCollectionViewCell.swift */,
				FBB77D9A27F900AD00318FAB /* TableViewController.swift */,
			);
			path = MemeMe;
			sourceTree = "<group>";
		};
		81A0420727EC30430084099A /* fonts */ = {
			isa = PBXGroup;
			children = (
				81A0420827EC306A0084099A /* impact.ttf */,
			);
			path = fonts;
			sourceTree = "<group>";
		};
/* End PBXGroup section */

/* Begin PBXNativeTarget section */
		815E0D1927EAC1FB00728251 /* MemeMe */ = {
			isa = PBXNativeTarget;
			buildConfigurationList = 815E0D2E27EAC1FD00728251 /* Build configuration list for PBXNativeTarget "MemeMe" */;
			buildPhases = (
				815E0D1627EAC1FB00728251 /* Sources */,
				815E0D1727EAC1FB00728251 /* Frameworks */,
				815E0D1827EAC1FB00728251 /* Resources */,
			);
			buildRules = (
			);
			dependencies = (
			);
			name = MemeMe;
			productName = MemeMe;
			productReference = 815E0D1A27EAC1FB00728251 /* MemeMe.app */;
			productType = "com.apple.product-type.application";
		};
/* End PBXNativeTarget section */

/* Begin PBXProject section */
		815E0D1227EAC1FB00728251 /* Project object */ = {
			isa = PBXProject;
			attributes = {
				BuildIndependentTargetsInParallel = 1;
				LastSwiftUpdateCheck = 1330;
				LastUpgradeCheck = 1330;
				TargetAttributes = {
					815E0D1927EAC1FB00728251 = {
						CreatedOnToolsVersion = 13.3;
					};
				};
			};
			buildConfigurationList = 815E0D1527EAC1FB00728251 /* Build configuration list for PBXProject "MemeMe" */;
			compatibilityVersion = "Xcode 13.0";
			developmentRegion = en;
			hasScannedForEncodings = 0;
			knownRegions = (
				en,
				Base,
			);
			mainGroup = 815E0D1127EAC1FB00728251;
			productRefGroup = 815E0D1B27EAC1FB00728251 /* Products */;
			projectDirPath = "";
			projectRoot = "";
			targets = (
				815E0D1927EAC1FB00728251 /* MemeMe */,
			);
		};
/* End PBXProject section */

/* Begin PBXResourcesBuildPhase section */
		815E0D1827EAC1FB00728251 /* Resources */ = {
			isa = PBXResourcesBuildPhase;
			buildActionMask = 2147483647;
			files = (
				81A0420927EC32DF0084099A /* impact.ttf in Resources */,
				815E0D2A27EAC1FD00728251 /* LaunchScreen.storyboard in Resources */,
				815E0D2727EAC1FD00728251 /* Assets.xcassets in Resources */,
				815E0D2527EAC1FC00728251 /* Main.storyboard in Resources */,
			);
			runOnlyForDeploymentPostprocessing = 0;
		};
/* End PBXResourcesBuildPhase section */

/* Begin PBXSourcesBuildPhase section */
		815E0D1627EAC1FB00728251 /* Sources */ = {
			isa = PBXSourcesBuildPhase;
			buildActionMask = 2147483647;
			files = (
				815E0D2227EAC1FC00728251 /* ViewController.swift in Sources */,
				81A0420427EC17610084099A /* Meme.swift in Sources */,
				81A0420627EC25D50084099A /* MemeTextFieldDelegate.swift in Sources */,
				FBB77D9B27F900AD00318FAB /* TableViewController.swift in Sources */,
				815E0D1E27EAC1FC00728251 /* AppDelegate.swift in Sources */,
				FBB77D9527F6D94C00318FAB /* MemeCollectionViewCell.swift in Sources */,
				FBB77D8F27F55DBE00318FAB /* MemeCollectionViewController.swift in Sources */,
				815E0D2027EAC1FC00728251 /* SceneDelegate.swift in Sources */,
			);
			runOnlyForDeploymentPostprocessing = 0;
		};
/* End PBXSourcesBuildPhase section */

/* Begin PBXVariantGroup section */
		815E0D2327EAC1FC00728251 /* Main.storyboard */ = {
			isa = PBXVariantGroup;
			children = (
				815E0D2427EAC1FC00728251 /* Base */,
			);
			name = Main.storyboard;
			sourceTree = "<group>";
		};
		815E0D2827EAC1FD00728251 /* LaunchScreen.storyboard */ = {
			isa = PBXVariantGroup;
			children = (
				815E0D2927EAC1FD00728251 /* Base */,
			);
			name = LaunchScreen.storyboard;
			sourceTree = "<group>";
		};
/* End PBXVariantGroup section */

/* Begin XCBuildConfiguration section */
		815E0D2C27EAC1FD00728251 /* Debug */ = {
			isa = XCBuildConfiguration;
			buildSettings = {
				ALWAYS_SEARCH_USER_PATHS = NO;
				CLANG_ANALYZER_NONNULL = YES;
				CLANG_ANALYZER_NUMBER_OBJECT_CONVERSION = YES_AGGRESSIVE;
				CLANG_CXX_LANGUAGE_STANDARD = "gnu++17";
				CLANG_ENABLE_MODULES = YES;
				CLANG_ENABLE_OBJC_ARC = YES;
				CLANG_ENABLE_OBJC_WEAK = YES;
				CLANG_WARN_BLOCK_CAPTURE_AUTORELEASING = YES;
				CLANG_WARN_BOOL_CONVERSION = YES;
				CLANG_WARN_COMMA = YES;
				CLANG_WARN_CONSTANT_CONVERSION = YES;
				CLANG_WARN_DEPRECATED_OBJC_IMPLEMENTATIONS = YES;
				CLANG_WARN_DIRECT_OBJC_ISA_USAGE = YES_ERROR;
				CLANG_WARN_DOCUMENTATION_COMMENTS = YES;
				CLANG_WARN_EMPTY_BODY = YES;
				CLANG_WARN_ENUM_CONVERSION = YES;
				CLANG_WARN_INFINITE_RECURSION = YES;
				CLANG_WARN_INT_CONVERSION = YES;
				CLANG_WARN_NON_LITERAL_NULL_CONVERSION = YES;
				CLANG_WARN_OBJC_IMPLICIT_RETAIN_SELF = YES;
				CLANG_WARN_OBJC_LITERAL_CONVERSION = YES;
				CLANG_WARN_OBJC_ROOT_CLASS = YES_ERROR;
				CLANG_WARN_QUOTED_INCLUDE_IN_FRAMEWORK_HEADER = YES;
				CLANG_WARN_RANGE_LOOP_ANALYSIS = YES;
				CLANG_WARN_STRICT_PROTOTYPES = YES;
				CLANG_WARN_SUSPICIOUS_MOVE = YES;
				CLANG_WARN_UNGUARDED_AVAILABILITY = YES_AGGRESSIVE;
				CLANG_WARN_UNREACHABLE_CODE = YES;
				CLANG_WARN__DUPLICATE_METHOD_MATCH = YES;
				COPY_PHASE_STRIP = NO;
				DEBUG_INFORMATION_FORMAT = dwarf;
				ENABLE_STRICT_OBJC_MSGSEND = YES;
				ENABLE_TESTABILITY = YES;
				GCC_C_LANGUAGE_STANDARD = gnu11;
				GCC_DYNAMIC_NO_PIC = NO;
				GCC_NO_COMMON_BLOCKS = YES;
				GCC_OPTIMIZATION_LEVEL = 0;
				GCC_PREPROCESSOR_DEFINITIONS = (
					"DEBUG=1",
					"$(inherited)",
				);
				GCC_WARN_64_TO_32_BIT_CONVERSION = YES;
				GCC_WARN_ABOUT_RETURN_TYPE = YES_ERROR;
				GCC_WARN_UNDECLARED_SELECTOR = YES;
				GCC_WARN_UNINITIALIZED_AUTOS = YES_AGGRESSIVE;
				GCC_WARN_UNUSED_FUNCTION = YES;
				GCC_WARN_UNUSED_VARIABLE = YES;
				IPHONEOS_DEPLOYMENT_TARGET = 15.4;
				MTL_ENABLE_DEBUG_INFO = INCLUDE_SOURCE;
				MTL_FAST_MATH = YES;
				ONLY_ACTIVE_ARCH = YES;
				SDKROOT = iphoneos;
				SWIFT_ACTIVE_COMPILATION_CONDITIONS = DEBUG;
				SWIFT_OPTIMIZATION_LEVEL = "-Onone";
			};
			name = Debug;
		};
		815E0D2D27EAC1FD00728251 /* Release */ = {
			isa = XCBuildConfiguration;
			buildSettings = {
				ALWAYS_SEARCH_USER_PATHS = NO;
				CLANG_ANALYZER_NONNULL = YES;
				CLANG_ANALYZER_NUMBER_OBJECT_CONVERSION = YES_AGGRESSIVE;
				CLANG_CXX_LANGUAGE_STANDARD = "gnu++17";
				CLANG_ENABLE_MODULES = YES;
				CLANG_ENABLE_OBJC_ARC = YES;
				CLANG_ENABLE_OBJC_WEAK = YES;
				CLANG_WARN_BLOCK_CAPTURE_AUTORELEASING = YES;
				CLANG_WARN_BOOL_CONVERSION = YES;
				CLANG_WARN_COMMA = YES;
				CLANG_WARN_CONSTANT_CONVERSION = YES;
				CLANG_WARN_DEPRECATED_OBJC_IMPLEMENTATIONS = YES;
				CLANG_WARN_DIRECT_OBJC_ISA_USAGE = YES_ERROR;
				CLANG_WARN_DOCUMENTATION_COMMENTS = YES;
				CLANG_WARN_EMPTY_BODY = YES;
				CLANG_WARN_ENUM_CONVERSION = YES;
				CLANG_WARN_INFINITE_RECURSION = YES;
				CLANG_WARN_INT_CONVERSION = YES;
				CLANG_WARN_NON_LITERAL_NULL_CONVERSION = YES;
				CLANG_WARN_OBJC_IMPLICIT_RETAIN_SELF = YES;
				CLANG_WARN_OBJC_LITERAL_CONVERSION = YES;
				CLANG_WARN_OBJC_ROOT_CLASS = YES_ERROR;
				CLANG_WARN_QUOTED_INCLUDE_IN_FRAMEWORK_HEADER = YES;
				CLANG_WARN_RANGE_LOOP_ANALYSIS = YES;
				CLANG_WARN_STRICT_PROTOTYPES = YES;
				CLANG_WARN_SUSPICIOUS_MOVE = YES;
				CLANG_WARN_UNGUARDED_AVAILABILITY = YES_AGGRESSIVE;
				CLANG_WARN_UNREACHABLE_CODE = YES;
				CLANG_WARN__DUPLICATE_METHOD_MATCH = YES;
				COPY_PHASE_STRIP = NO;
				DEBUG_INFORMATION_FORMAT = "dwarf-with-dsym";
				ENABLE_NS_ASSERTIONS = NO;
				ENABLE_STRICT_OBJC_MSGSEND = YES;
				GCC_C_LANGUAGE_STANDARD = gnu11;
				GCC_NO_COMMON_BLOCKS = YES;
				GCC_WARN_64_TO_32_BIT_CONVERSION = YES;
				GCC_WARN_ABOUT_RETURN_TYPE = YES_ERROR;
				GCC_WARN_UNDECLARED_SELECTOR = YES;
				GCC_WARN_UNINITIALIZED_AUTOS = YES_AGGRESSIVE;
				GCC_WARN_UNUSED_FUNCTION = YES;
				GCC_WARN_UNUSED_VARIABLE = YES;
				IPHONEOS_DEPLOYMENT_TARGET = 15.4;
				MTL_ENABLE_DEBUG_INFO = NO;
				MTL_FAST_MATH = YES;
				SDKROOT = iphoneos;
				SWIFT_COMPILATION_MODE = wholemodule;
				SWIFT_OPTIMIZATION_LEVEL = "-O";
				VALIDATE_PRODUCT = YES;
			};
			name = Release;
		};
		815E0D2F27EAC1FD00728251 /* Debug */ = {
			isa = XCBuildConfiguration;
			buildSettings = {
				ASSETCATALOG_COMPILER_APPICON_NAME = AppIcon;
				ASSETCATALOG_COMPILER_GLOBAL_ACCENT_COLOR_NAME = AccentColor;
				CODE_SIGN_STYLE = Automatic;
				CURRENT_PROJECT_VERSION = 1;
				DEVELOPMENT_TEAM = B3QDB9L36Q;
				GENERATE_INFOPLIST_FILE = YES;
				INFOPLIST_FILE = MemeMe/Info.plist;
				INFOPLIST_KEY_UIApplicationSupportsIndirectInputEvents = YES;
				INFOPLIST_KEY_UILaunchStoryboardName = LaunchScreen;
				INFOPLIST_KEY_UIMainStoryboardFile = Main;
				INFOPLIST_KEY_UISupportedInterfaceOrientations_iPad = "UIInterfaceOrientationPortrait UIInterfaceOrientationPortraitUpsideDown UIInterfaceOrientationLandscapeLeft UIInterfaceOrientationLandscapeRight";
				INFOPLIST_KEY_UISupportedInterfaceOrientations_iPhone = "UIInterfaceOrientationPortrait UIInterfaceOrientationLandscapeLeft UIInterfaceOrientationLandscapeRight";
				IPHONEOS_DEPLOYMENT_TARGET = 14.0;
				LD_RUNPATH_SEARCH_PATHS = (
					"$(inherited)",
					"@executable_path/Frameworks",
				);
				MARKETING_VERSION = 1.0;
				PRODUCT_BUNDLE_IDENTIFIER = com.onedayofcode.MemeMe;
				PRODUCT_NAME = "$(TARGET_NAME)";
				SWIFT_EMIT_LOC_STRINGS = YES;
				SWIFT_VERSION = 5.0;
				TARGETED_DEVICE_FAMILY = "1,2";
			};
			name = Debug;
		};
		815E0D3027EAC1FD00728251 /* Release */ = {
			isa = XCBuildConfiguration;
			buildSettings = {
				ASSETCATALOG_COMPILER_APPICON_NAME = AppIcon;
				ASSETCATALOG_COMPILER_GLOBAL_ACCENT_COLOR_NAME = AccentColor;
				CODE_SIGN_STYLE = Automatic;
				CURRENT_PROJECT_VERSION = 1;
				DEVELOPMENT_TEAM = B3QDB9L36Q;
				GENERATE_INFOPLIST_FILE = YES;
				INFOPLIST_FILE = MemeMe/Info.plist;
				INFOPLIST_KEY_UIApplicationSupportsIndirectInputEvents = YES;
				INFOPLIST_KEY_UILaunchStoryboardName = LaunchScreen;
				INFOPLIST_KEY_UIMainStoryboardFile = Main;
				INFOPLIST_KEY_UISupportedInterfaceOrientations_iPad = "UIInterfaceOrientationPortrait UIInterfaceOrientationPortraitUpsideDown UIInterfaceOrientationLandscapeLeft UIInterfaceOrientationLandscapeRight";
				INFOPLIST_KEY_UISupportedInterfaceOrientations_iPhone = "UIInterfaceOrientationPortrait UIInterfaceOrientationLandscapeLeft UIInterfaceOrientationLandscapeRight";
				IPHONEOS_DEPLOYMENT_TARGET = 14.0;
				LD_RUNPATH_SEARCH_PATHS = (
					"$(inherited)",
					"@executable_path/Frameworks",
				);
				MARKETING_VERSION = 1.0;
				PRODUCT_BUNDLE_IDENTIFIER = com.onedayofcode.MemeMe;
				PRODUCT_NAME = "$(TARGET_NAME)";
				SWIFT_EMIT_LOC_STRINGS = YES;
				SWIFT_VERSION = 5.0;
				TARGETED_DEVICE_FAMILY = "1,2";
			};
			name = Release;
		};
/* End XCBuildConfiguration section */

/* Begin XCConfigurationList section */
		815E0D1527EAC1FB00728251 /* Build configuration list for PBXProject "MemeMe" */ = {
			isa = XCConfigurationList;
			buildConfigurations = (
				815E0D2C27EAC1FD00728251 /* Debug */,
				815E0D2D27EAC1FD00728251 /* Release */,
			);
			defaultConfigurationIsVisible = 0;
			defaultConfigurationName = Release;
		};
		815E0D2E27EAC1FD00728251 /* Build configuration list for PBXNativeTarget "MemeMe" */ = {
			isa = XCConfigurationList;
			buildConfigurations = (
				815E0D2F27EAC1FD00728251 /* Debug */,
				815E0D3027EAC1FD00728251 /* Release */,
			);
			defaultConfigurationIsVisible = 0;
			defaultConfigurationName = Release;
		};
/* End XCConfigurationList section */
	};
	rootObject = 815E0D1227EAC1FB00728251 /* Project object */;
}
